// !$*UTF8*$!
{
	archiveVersion = 1;
	classes = {
	};
	objectVersion = 46;
	objects = {

/* Begin PBXBuildFile section */
		5BEB02DE1A1C3C88007E195A /* AppDelegate.swift in Sources */ = {isa = PBXBuildFile; fileRef = 5BEB02DD1A1C3C88007E195A /* AppDelegate.swift */; };
		5BEB02E01A1C3C88007E195A /* ViewController.swift in Sources */ = {isa = PBXBuildFile; fileRef = 5BEB02DF1A1C3C88007E195A /* ViewController.swift */; };
		5BEB02E31A1C3C88007E195A /* Main.storyboard in Resources */ = {isa = PBXBuildFile; fileRef = 5BEB02E11A1C3C88007E195A /* Main.storyboard */; };
		5BEB02E51A1C3C89007E195A /* Images.xcassets in Resources */ = {isa = PBXBuildFile; fileRef = 5BEB02E41A1C3C89007E195A /* Images.xcassets */; };
		5BEB02E81A1C3C89007E195A /* LaunchScreen.xib in Resources */ = {isa = PBXBuildFile; fileRef = 5BEB02E61A1C3C89007E195A /* LaunchScreen.xib */; };
		5BEB02F41A1C3C89007E195A /* Tutorial_HolaProgramadores_WatchKitTests.swift in Sources */ = {isa = PBXBuildFile; fileRef = 5BEB02F31A1C3C89007E195A /* Tutorial_HolaProgramadores_WatchKitTests.swift */; };
		5BEB03041A1C3D26007E195A /* WatchKit.framework in Frameworks */ = {isa = PBXBuildFile; fileRef = 5BEB03031A1C3D26007E195A /* WatchKit.framework */; };
		5BEB03091A1C3D26007E195A /* InterfaceController.swift in Sources */ = {isa = PBXBuildFile; fileRef = 5BEB03081A1C3D26007E195A /* InterfaceController.swift */; };
		5BEB030B1A1C3D26007E195A /* Images.xcassets in Resources */ = {isa = PBXBuildFile; fileRef = 5BEB030A1A1C3D26007E195A /* Images.xcassets */; };
		5BEB030F1A1C3D27007E195A /* Tutorial-HolaProgramadores-WatchKit Watch App.app in Resources */ = {isa = PBXBuildFile; fileRef = 5BEB030E1A1C3D27007E195A /* Tutorial-HolaProgramadores-WatchKit Watch App.app */; };
		5BEB03161A1C3D27007E195A /* Interface.storyboard in Resources */ = {isa = PBXBuildFile; fileRef = 5BEB03151A1C3D27007E195A /* Interface.storyboard */; };
		5BEB03181A1C3D27007E195A /* Images.xcassets in Resources */ = {isa = PBXBuildFile; fileRef = 5BEB03171A1C3D27007E195A /* Images.xcassets */; };
		5BEB031B1A1C3D27007E195A /* Tutorial-HolaProgramadores-WatchKit WatchKit Extension.appex in Embed App Extensions */ = {isa = PBXBuildFile; fileRef = 5BEB03011A1C3D26007E195A /* Tutorial-HolaProgramadores-WatchKit WatchKit Extension.appex */; settings = {ATTRIBUTES = (RemoveHeadersOnCopy, ); }; };
		5BEB03241A1C3F3E007E195A /* logo.png in Resources */ = {isa = PBXBuildFile; fileRef = 5BEB03231A1C3F3E007E195A /* logo.png */; };
/* End PBXBuildFile section */

/* Begin PBXContainerItemProxy section */
		5BEB02EE1A1C3C89007E195A /* PBXContainerItemProxy */ = {
			isa = PBXContainerItemProxy;
			containerPortal = 5BEB02D01A1C3C88007E195A /* Project object */;
			proxyType = 1;
			remoteGlobalIDString = 5BEB02D71A1C3C88007E195A;
			remoteInfo = "Tutorial-HolaProgramadores-WatchKit";
		};
		5BEB03101A1C3D27007E195A /* PBXContainerItemProxy */ = {
			isa = PBXContainerItemProxy;
			containerPortal = 5BEB02D01A1C3C88007E195A /* Project object */;
			proxyType = 1;
			remoteGlobalIDString = 5BEB030D1A1C3D27007E195A;
			remoteInfo = "Tutorial-HolaProgramadores-WatchKit Watch App";
		};
		5BEB03191A1C3D27007E195A /* PBXContainerItemProxy */ = {
			isa = PBXContainerItemProxy;
			containerPortal = 5BEB02D01A1C3C88007E195A /* Project object */;
			proxyType = 1;
			remoteGlobalIDString = 5BEB03001A1C3D26007E195A;
			remoteInfo = "Tutorial-HolaProgramadores-WatchKit WatchKit Extension";
		};
/* End PBXContainerItemProxy section */

/* Begin PBXCopyFilesBuildPhase section */
		5BEB03221A1C3D27007E195A /* Embed App Extensions */ = {
			isa = PBXCopyFilesBuildPhase;
			buildActionMask = 2147483647;
			dstPath = "";
			dstSubfolderSpec = 13;
			files = (
				5BEB031B1A1C3D27007E195A /* Tutorial-HolaProgramadores-WatchKit WatchKit Extension.appex in Embed App Extensions */,
			);
			name = "Embed App Extensions";
			runOnlyForDeploymentPostprocessing = 0;
		};
/* End PBXCopyFilesBuildPhase section */

/* Begin PBXFileReference section */
		5BEB02D81A1C3C88007E195A /* Tutorial-HolaProgramadores-WatchKit.app */ = {isa = PBXFileReference; explicitFileType = wrapper.application; includeInIndex = 0; path = "Tutorial-HolaProgramadores-WatchKit.app"; sourceTree = BUILT_PRODUCTS_DIR; };
		5BEB02DC1A1C3C88007E195A /* Info.plist */ = {isa = PBXFileReference; lastKnownFileType = text.plist.xml; path = Info.plist; sourceTree = "<group>"; };
		5BEB02DD1A1C3C88007E195A /* AppDelegate.swift */ = {isa = PBXFileReference; lastKnownFileType = sourcecode.swift; path = AppDelegate.swift; sourceTree = "<group>"; };
		5BEB02DF1A1C3C88007E195A /* ViewController.swift */ = {isa = PBXFileReference; lastKnownFileType = sourcecode.swift; path = ViewController.swift; sourceTree = "<group>"; };
		5BEB02E21A1C3C88007E195A /* Base */ = {isa = PBXFileReference; lastKnownFileType = file.storyboard; name = Base; path = Base.lproj/Main.storyboard; sourceTree = "<group>"; };
		5BEB02E41A1C3C89007E195A /* Images.xcassets */ = {isa = PBXFileReference; lastKnownFileType = folder.assetcatalog; path = Images.xcassets; sourceTree = "<group>"; };
		5BEB02E71A1C3C89007E195A /* Base */ = {isa = PBXFileReference; lastKnownFileType = file.xib; name = Base; path = Base.lproj/LaunchScreen.xib; sourceTree = "<group>"; };
		5BEB02ED1A1C3C89007E195A /* Tutorial-HolaProgramadores-WatchKitTests.xctest */ = {isa = PBXFileReference; explicitFileType = wrapper.cfbundle; includeInIndex = 0; path = "Tutorial-HolaProgramadores-WatchKitTests.xctest"; sourceTree = BUILT_PRODUCTS_DIR; };
		5BEB02F21A1C3C89007E195A /* Info.plist */ = {isa = PBXFileReference; lastKnownFileType = text.plist.xml; path = Info.plist; sourceTree = "<group>"; };
		5BEB02F31A1C3C89007E195A /* Tutorial_HolaProgramadores_WatchKitTests.swift */ = {isa = PBXFileReference; lastKnownFileType = sourcecode.swift; path = Tutorial_HolaProgramadores_WatchKitTests.swift; sourceTree = "<group>"; };
		5BEB03011A1C3D26007E195A /* Tutorial-HolaProgramadores-WatchKit WatchKit Extension.appex */ = {isa = PBXFileReference; explicitFileType = "wrapper.app-extension"; includeInIndex = 0; path = "Tutorial-HolaProgramadores-WatchKit WatchKit Extension.appex"; sourceTree = BUILT_PRODUCTS_DIR; };
		5BEB03031A1C3D26007E195A /* WatchKit.framework */ = {isa = PBXFileReference; lastKnownFileType = wrapper.framework; name = WatchKit.framework; path = System/Library/Frameworks/WatchKit.framework; sourceTree = SDKROOT; };
		5BEB03071A1C3D26007E195A /* Info.plist */ = {isa = PBXFileReference; lastKnownFileType = text.plist.xml; path = Info.plist; sourceTree = "<group>"; };
		5BEB03081A1C3D26007E195A /* InterfaceController.swift */ = {isa = PBXFileReference; lastKnownFileType = sourcecode.swift; path = InterfaceController.swift; sourceTree = "<group>"; };
		5BEB030A1A1C3D26007E195A /* Images.xcassets */ = {isa = PBXFileReference; lastKnownFileType = folder.assetcatalog; path = Images.xcassets; sourceTree = "<group>"; };
		5BEB030E1A1C3D27007E195A /* Tutorial-HolaProgramadores-WatchKit Watch App.app */ = {isa = PBXFileReference; explicitFileType = wrapper.application; includeInIndex = 0; path = "Tutorial-HolaProgramadores-WatchKit Watch App.app"; sourceTree = BUILT_PRODUCTS_DIR; };
		5BEB03141A1C3D27007E195A /* Info.plist */ = {isa = PBXFileReference; lastKnownFileType = text.plist.xml; path = Info.plist; sourceTree = "<group>"; };
		5BEB03151A1C3D27007E195A /* Interface.storyboard */ = {isa = PBXFileReference; lastKnownFileType = file.storyboard; path = Interface.storyboard; sourceTree = "<group>"; };
		5BEB03171A1C3D27007E195A /* Images.xcassets */ = {isa = PBXFileReference; lastKnownFileType = folder.assetcatalog; path = Images.xcassets; sourceTree = "<group>"; };
		5BEB03231A1C3F3E007E195A /* logo.png */ = {isa = PBXFileReference; lastKnownFileType = image.png; path = logo.png; sourceTree = "<group>"; };
/* End PBXFileReference section */

/* Begin PBXFrameworksBuildPhase section */
		5BEB02D51A1C3C88007E195A /* Frameworks */ = {
			isa = PBXFrameworksBuildPhase;
			buildActionMask = 2147483647;
			files = (
			);
			runOnlyForDeploymentPostprocessing = 0;
		};
		5BEB02EA1A1C3C89007E195A /* Frameworks */ = {
			isa = PBXFrameworksBuildPhase;
			buildActionMask = 2147483647;
			files = (
			);
			runOnlyForDeploymentPostprocessing = 0;
		};
		5BEB02FE1A1C3D26007E195A /* Frameworks */ = {
			isa = PBXFrameworksBuildPhase;
			buildActionMask = 2147483647;
			files = (
				5BEB03041A1C3D26007E195A /* WatchKit.framework in Frameworks */,
			);
			runOnlyForDeploymentPostprocessing = 0;
		};
/* End PBXFrameworksBuildPhase section */

/* Begin PBXGroup section */
		5BEB02CF1A1C3C88007E195A = {
			isa = PBXGroup;
			children = (
				5BEB02DA1A1C3C88007E195A /* Tutorial-HolaProgramadores-WatchKit */,
				5BEB02F01A1C3C89007E195A /* Tutorial-HolaProgramadores-WatchKitTests */,
				5BEB03051A1C3D26007E195A /* Tutorial-HolaProgramadores-WatchKit WatchKit Extension */,
				5BEB03121A1C3D27007E195A /* Tutorial-HolaProgramadores-WatchKit Watch App */,
				5BEB03021A1C3D26007E195A /* Frameworks */,
				5BEB02D91A1C3C88007E195A /* Products */,
			);
			sourceTree = "<group>";
		};
		5BEB02D91A1C3C88007E195A /* Products */ = {
			isa = PBXGroup;
			children = (
				5BEB02D81A1C3C88007E195A /* Tutorial-HolaProgramadores-WatchKit.app */,
				5BEB02ED1A1C3C89007E195A /* Tutorial-HolaProgramadores-WatchKitTests.xctest */,
				5BEB03011A1C3D26007E195A /* Tutorial-HolaProgramadores-WatchKit WatchKit Extension.appex */,
				5BEB030E1A1C3D27007E195A /* Tutorial-HolaProgramadores-WatchKit Watch App.app */,
			);
			name = Products;
			sourceTree = "<group>";
		};
		5BEB02DA1A1C3C88007E195A /* Tutorial-HolaProgramadores-WatchKit */ = {
			isa = PBXGroup;
			children = (
				5BEB02DD1A1C3C88007E195A /* AppDelegate.swift */,
				5BEB02DF1A1C3C88007E195A /* ViewController.swift */,
				5BEB02E11A1C3C88007E195A /* Main.storyboard */,
				5BEB02E41A1C3C89007E195A /* Images.xcassets */,
				5BEB02E61A1C3C89007E195A /* LaunchScreen.xib */,
				5BEB02DB1A1C3C88007E195A /* Supporting Files */,
			);
			path = "Tutorial-HolaProgramadores-WatchKit";
			sourceTree = "<group>";
		};
		5BEB02DB1A1C3C88007E195A /* Supporting Files */ = {
			isa = PBXGroup;
			children = (
				5BEB02DC1A1C3C88007E195A /* Info.plist */,
			);
			name = "Supporting Files";
			sourceTree = "<group>";
		};
		5BEB02F01A1C3C89007E195A /* Tutorial-HolaProgramadores-WatchKitTests */ = {
			isa = PBXGroup;
			children = (
				5BEB02F31A1C3C89007E195A /* Tutorial_HolaProgramadores_WatchKitTests.swift */,
				5BEB02F11A1C3C89007E195A /* Supporting Files */,
			);
			path = "Tutorial-HolaProgramadores-WatchKitTests";
			sourceTree = "<group>";
		};
		5BEB02F11A1C3C89007E195A /* Supporting Files */ = {
			isa = PBXGroup;
			children = (
				5BEB02F21A1C3C89007E195A /* Info.plist */,
			);
			name = "Supporting Files";
			sourceTree = "<group>";
		};
		5BEB03021A1C3D26007E195A /* Frameworks */ = {
			isa = PBXGroup;
			children = (
				5BEB03031A1C3D26007E195A /* WatchKit.framework */,
			);
			name = Frameworks;
			sourceTree = "<group>";
		};
		5BEB03051A1C3D26007E195A /* Tutorial-HolaProgramadores-WatchKit WatchKit Extension */ = {
			isa = PBXGroup;
			children = (
				5BEB03081A1C3D26007E195A /* InterfaceController.swift */,
				5BEB030A1A1C3D26007E195A /* Images.xcassets */,
				5BEB03061A1C3D26007E195A /* Supporting Files */,
			);
			path = "Tutorial-HolaProgramadores-WatchKit WatchKit Extension";
			sourceTree = "<group>";
		};
		5BEB03061A1C3D26007E195A /* Supporting Files */ = {
			isa = PBXGroup;
			children = (
				5BEB03071A1C3D26007E195A /* Info.plist */,
			);
			name = "Supporting Files";
			sourceTree = "<group>";
		};
		5BEB03121A1C3D27007E195A /* Tutorial-HolaProgramadores-WatchKit Watch App */ = {
			isa = PBXGroup;
			children = (
				5BEB03151A1C3D27007E195A /* Interface.storyboard */,
				5BEB03171A1C3D27007E195A /* Images.xcassets */,
				5BEB03231A1C3F3E007E195A /* logo.png */,
				5BEB03131A1C3D27007E195A /* Supporting Files */,
			);
			path = "Tutorial-HolaProgramadores-WatchKit Watch App";
			sourceTree = "<group>";
		};
		5BEB03131A1C3D27007E195A /* Supporting Files */ = {
			isa = PBXGroup;
			children = (
				5BEB03141A1C3D27007E195A /* Info.plist */,
			);
			name = "Supporting Files";
			sourceTree = "<group>";
		};
/* End PBXGroup section */

/* Begin PBXNativeTarget section */
		5BEB02D71A1C3C88007E195A /* Tutorial-HolaProgramadores-WatchKit */ = {
			isa = PBXNativeTarget;
			buildConfigurationList = 5BEB02F71A1C3C89007E195A /* Build configuration list for PBXNativeTarget "Tutorial-HolaProgramadores-WatchKit" */;
			buildPhases = (
				5BEB02D41A1C3C88007E195A /* Sources */,
				5BEB02D51A1C3C88007E195A /* Frameworks */,
				5BEB02D61A1C3C88007E195A /* Resources */,
				5BEB03221A1C3D27007E195A /* Embed App Extensions */,
			);
			buildRules = (
			);
			dependencies = (
				5BEB031A1A1C3D27007E195A /* PBXTargetDependency */,
			);
			name = "Tutorial-HolaProgramadores-WatchKit";
			productName = "Tutorial-HolaProgramadores-WatchKit";
			productReference = 5BEB02D81A1C3C88007E195A /* Tutorial-HolaProgramadores-WatchKit.app */;
			productType = "com.apple.product-type.application";
		};
		5BEB02EC1A1C3C89007E195A /* Tutorial-HolaProgramadores-WatchKitTests */ = {
			isa = PBXNativeTarget;
			buildConfigurationList = 5BEB02FA1A1C3C89007E195A /* Build configuration list for PBXNativeTarget "Tutorial-HolaProgramadores-WatchKitTests" */;
			buildPhases = (
				5BEB02E91A1C3C89007E195A /* Sources */,
				5BEB02EA1A1C3C89007E195A /* Frameworks */,
				5BEB02EB1A1C3C89007E195A /* Resources */,
			);
			buildRules = (
			);
			dependencies = (
				5BEB02EF1A1C3C89007E195A /* PBXTargetDependency */,
			);
			name = "Tutorial-HolaProgramadores-WatchKitTests";
			productName = "Tutorial-HolaProgramadores-WatchKitTests";
			productReference = 5BEB02ED1A1C3C89007E195A /* Tutorial-HolaProgramadores-WatchKitTests.xctest */;
			productType = "com.apple.product-type.bundle.unit-test";
		};
		5BEB03001A1C3D26007E195A /* Tutorial-HolaProgramadores-WatchKit WatchKit Extension */ = {
			isa = PBXNativeTarget;
			buildConfigurationList = 5BEB031F1A1C3D27007E195A /* Build configuration list for PBXNativeTarget "Tutorial-HolaProgramadores-WatchKit WatchKit Extension" */;
			buildPhases = (
				5BEB02FD1A1C3D26007E195A /* Sources */,
				5BEB02FE1A1C3D26007E195A /* Frameworks */,
				5BEB02FF1A1C3D26007E195A /* Resources */,
			);
			buildRules = (
			);
			dependencies = (
				5BEB03111A1C3D27007E195A /* PBXTargetDependency */,
			);
			name = "Tutorial-HolaProgramadores-WatchKit WatchKit Extension";
			productName = "Tutorial-HolaProgramadores-WatchKit WatchKit Extension";
			productReference = 5BEB03011A1C3D26007E195A /* Tutorial-HolaProgramadores-WatchKit WatchKit Extension.appex */;
			productType = "com.apple.product-type.watchkit-extension";
		};
		5BEB030D1A1C3D27007E195A /* Tutorial-HolaProgramadores-WatchKit Watch App */ = {
			isa = PBXNativeTarget;
			buildConfigurationList = 5BEB031C1A1C3D27007E195A /* Build configuration list for PBXNativeTarget "Tutorial-HolaProgramadores-WatchKit Watch App" */;
			buildPhases = (
				5BEB030C1A1C3D27007E195A /* Resources */,
			);
			buildRules = (
			);
			dependencies = (
			);
			name = "Tutorial-HolaProgramadores-WatchKit Watch App";
			productName = "Tutorial-HolaProgramadores-WatchKit Watch App";
			productReference = 5BEB030E1A1C3D27007E195A /* Tutorial-HolaProgramadores-WatchKit Watch App.app */;
			productType = "com.apple.product-type.application.watchapp";
		};
/* End PBXNativeTarget section */

/* Begin PBXProject section */
		5BEB02D01A1C3C88007E195A /* Project object */ = {
			isa = PBXProject;
			attributes = {
				LastUpgradeCheck = 0620;
				ORGANIZATIONNAME = "Programadores-iOS.net";
				TargetAttributes = {
					5BEB02D71A1C3C88007E195A = {
						CreatedOnToolsVersion = 6.2;
					};
					5BEB02EC1A1C3C89007E195A = {
						CreatedOnToolsVersion = 6.2;
						TestTargetID = 5BEB02D71A1C3C88007E195A;
					};
					5BEB03001A1C3D26007E195A = {
						CreatedOnToolsVersion = 6.2;
					};
					5BEB030D1A1C3D27007E195A = {
						CreatedOnToolsVersion = 6.2;
					};
				};
			};
			buildConfigurationList = 5BEB02D31A1C3C88007E195A /* Build configuration list for PBXProject "Tutorial-HolaProgramadores-WatchKit" */;
			compatibilityVersion = "Xcode 3.2";
			developmentRegion = English;
			hasScannedForEncodings = 0;
			knownRegions = (
				en,
				Base,
			);
			mainGroup = 5BEB02CF1A1C3C88007E195A;
			productRefGroup = 5BEB02D91A1C3C88007E195A /* Products */;
			projectDirPath = "";
			projectRoot = "";
			targets = (
				5BEB02D71A1C3C88007E195A /* Tutorial-HolaProgramadores-WatchKit */,
				5BEB02EC1A1C3C89007E195A /* Tutorial-HolaProgramadores-WatchKitTests */,
				5BEB03001A1C3D26007E195A /* Tutorial-HolaProgramadores-WatchKit WatchKit Extension */,
				5BEB030D1A1C3D27007E195A /* Tutorial-HolaProgramadores-WatchKit Watch App */,
			);
		};
/* End PBXProject section */

/* Begin PBXResourcesBuildPhase section */
		5BEB02D61A1C3C88007E195A /* Resources */ = {
			isa = PBXResourcesBuildPhase;
			buildActionMask = 2147483647;
			files = (
				5BEB02E31A1C3C88007E195A /* Main.storyboard in Resources */,
				5BEB02E81A1C3C89007E195A /* LaunchScreen.xib in Resources */,
				5BEB02E51A1C3C89007E195A /* Images.xcassets in Resources */,
			);
			runOnlyForDeploymentPostprocessing = 0;
		};
		5BEB02EB1A1C3C89007E195A /* Resources */ = {
			isa = PBXResourcesBuildPhase;
			buildActionMask = 2147483647;
			files = (
			);
			runOnlyForDeploymentPostprocessing = 0;
		};
		5BEB02FF1A1C3D26007E195A /* Resources */ = {
			isa = PBXResourcesBuildPhase;
			buildActionMask = 2147483647;
			files = (
				5BEB030B1A1C3D26007E195A /* Images.xcassets in Resources */,
				5BEB030F1A1C3D27007E195A /* Tutorial-HolaProgramadores-WatchKit Watch App.app in Resources */,
			);
			runOnlyForDeploymentPostprocessing = 0;
		};
		5BEB030C1A1C3D27007E195A /* Resources */ = {
			isa = PBXResourcesBuildPhase;
			buildActionMask = 2147483647;
			files = (
				5BEB03161A1C3D27007E195A /* Interface.storyboard in Resources */,
				5BEB03181A1C3D27007E195A /* Images.xcassets in Resources */,
				5BEB03241A1C3F3E007E195A /* logo.png in Resources */,
			);
			runOnlyForDeploymentPostprocessing = 0;
		};
/* End PBXResourcesBuildPhase section */

/* Begin PBXSourcesBuildPhase section */
		5BEB02D41A1C3C88007E195A /* Sources */ = {
			isa = PBXSourcesBuildPhase;
			buildActionMask = 2147483647;
			files = (
				5BEB02E01A1C3C88007E195A /* ViewController.swift in Sources */,
				5BEB02DE1A1C3C88007E195A /* AppDelegate.swift in Sources */,
			);
			runOnlyForDeploymentPostprocessing = 0;
		};
		5BEB02E91A1C3C89007E195A /* Sources */ = {
			isa = PBXSourcesBuildPhase;
			buildActionMask = 2147483647;
			files = (
				5BEB02F41A1C3C89007E195A /* Tutorial_HolaProgramadores_WatchKitTests.swift in Sources */,
			);
			runOnlyForDeploymentPostprocessing = 0;
		};
		5BEB02FD1A1C3D26007E195A /* Sources */ = {
			isa = PBXSourcesBuildPhase;
			buildActionMask = 2147483647;
			files = (
				5BEB03091A1C3D26007E195A /* InterfaceController.swift in Sources */,
			);
			runOnlyForDeploymentPostprocessing = 0;
		};
/* End PBXSourcesBuildPhase section */

/* Begin PBXTargetDependency section */
		5BEB02EF1A1C3C89007E195A /* PBXTargetDependency */ = {
			isa = PBXTargetDependency;
			target = 5BEB02D71A1C3C88007E195A /* Tutorial-HolaProgramadores-WatchKit */;
			targetProxy = 5BEB02EE1A1C3C89007E195A /* PBXContainerItemProxy */;
		};
		5BEB03111A1C3D27007E195A /* PBXTargetDependency */ = {
			isa = PBXTargetDependency;
			target = 5BEB030D1A1C3D27007E195A /* Tutorial-HolaProgramadores-WatchKit Watch App */;
			targetProxy = 5BEB03101A1C3D27007E195A /* PBXContainerItemProxy */;
		};
		5BEB031A1A1C3D27007E195A /* PBXTargetDependency */ = {
			isa = PBXTargetDependency;
			target = 5BEB03001A1C3D26007E195A /* Tutorial-HolaProgramadores-WatchKit WatchKit Extension */;
			targetProxy = 5BEB03191A1C3D27007E195A /* PBXContainerItemProxy */;
		};
/* End PBXTargetDependency section */

/* Begin PBXVariantGroup section */
		5BEB02E11A1C3C88007E195A /* Main.storyboard */ = {
			isa = PBXVariantGroup;
			children = (
				5BEB02E21A1C3C88007E195A /* Base */,
			);
			name = Main.storyboard;
			sourceTree = "<group>";
		};
		5BEB02E61A1C3C89007E195A /* LaunchScreen.xib */ = {
			isa = PBXVariantGroup;
			children = (
				5BEB02E71A1C3C89007E195A /* Base */,
			);
			name = LaunchScreen.xib;
			sourceTree = "<group>";
		};
/* End PBXVariantGroup section */

/* Begin XCBuildConfiguration section */
		5BEB02F51A1C3C89007E195A /* Debug */ = {
			isa = XCBuildConfiguration;
			buildSettings = {
				ALWAYS_SEARCH_USER_PATHS = NO;
				CLANG_CXX_LANGUAGE_STANDARD = "gnu++0x";
				CLANG_CXX_LIBRARY = "libc++";
				CLANG_ENABLE_MODULES = YES;
				CLANG_ENABLE_OBJC_ARC = YES;
				CLANG_WARN_BOOL_CONVERSION = YES;
				CLANG_WARN_CONSTANT_CONVERSION = YES;
				CLANG_WARN_DIRECT_OBJC_ISA_USAGE = YES_ERROR;
				CLANG_WARN_EMPTY_BODY = YES;
				CLANG_WARN_ENUM_CONVERSION = YES;
				CLANG_WARN_INT_CONVERSION = YES;
				CLANG_WARN_OBJC_ROOT_CLASS = YES_ERROR;
				CLANG_WARN_UNREACHABLE_CODE = YES;
				CLANG_WARN__DUPLICATE_METHOD_MATCH = YES;
				"CODE_SIGN_IDENTITY[sdk=iphoneos*]" = "iPhone Developer";
				COPY_PHASE_STRIP = NO;
				ENABLE_STRICT_OBJC_MSGSEND = YES;
				GCC_C_LANGUAGE_STANDARD = gnu99;
				GCC_DYNAMIC_NO_PIC = NO;
				GCC_OPTIMIZATION_LEVEL = 0;
				GCC_PREPROCESSOR_DEFINITIONS = (
					"DEBUG=1",
					"$(inherited)",
				);
				GCC_SYMBOLS_PRIVATE_EXTERN = NO;
				GCC_WARN_64_TO_32_BIT_CONVERSION = YES;
				GCC_WARN_ABOUT_RETURN_TYPE = YES_ERROR;
				GCC_WARN_UNDECLARED_SELECTOR = YES;
				GCC_WARN_UNINITIALIZED_AUTOS = YES_AGGRESSIVE;
				GCC_WARN_UNUSED_FUNCTION = YES;
				GCC_WARN_UNUSED_VARIABLE = YES;
				IPHONEOS_DEPLOYMENT_TARGET = 8.2;
				MTL_ENABLE_DEBUG_INFO = YES;
				ONLY_ACTIVE_ARCH = YES;
				SDKROOT = iphoneos;
				SWIFT_OPTIMIZATION_LEVEL = "-Onone";
			};
			name = Debug;
		};
		5BEB02F61A1C3C89007E195A /* Release */ = {
			isa = XCBuildConfiguration;
			buildSettings = {
				ALWAYS_SEARCH_USER_PATHS = NO;
				CLANG_CXX_LANGUAGE_STANDARD = "gnu++0x";
				CLANG_CXX_LIBRARY = "libc++";
				CLANG_ENABLE_MODULES = YES;
				CLANG_ENABLE_OBJC_ARC = YES;
				CLANG_WARN_BOOL_CONVERSION = YES;
				CLANG_WARN_CONSTANT_CONVERSION = YES;
				CLANG_WARN_DIRECT_OBJC_ISA_USAGE = YES_ERROR;
				CLANG_WARN_EMPTY_BODY = YES;
				CLANG_WARN_ENUM_CONVERSION = YES;
				CLANG_WARN_INT_CONVERSION = YES;
				CLANG_WARN_OBJC_ROOT_CLASS = YES_ERROR;
				CLANG_WARN_UNREACHABLE_CODE = YES;
				CLANG_WARN__DUPLICATE_METHOD_MATCH = YES;
				"CODE_SIGN_IDENTITY[sdk=iphoneos*]" = "iPhone Developer";
				COPY_PHASE_STRIP = YES;
				ENABLE_NS_ASSERTIONS = NO;
				ENABLE_STRICT_OBJC_MSGSEND = YES;
				GCC_C_LANGUAGE_STANDARD = gnu99;
				GCC_WARN_64_TO_32_BIT_CONVERSION = YES;
				GCC_WARN_ABOUT_RETURN_TYPE = YES_ERROR;
				GCC_WARN_UNDECLARED_SELECTOR = YES;
				GCC_WARN_UNINITIALIZED_AUTOS = YES_AGGRESSIVE;
				GCC_WARN_UNUSED_FUNCTION = YES;
				GCC_WARN_UNUSED_VARIABLE = YES;
				IPHONEOS_DEPLOYMENT_TARGET = 8.2;
				MTL_ENABLE_DEBUG_INFO = NO;
				SDKROOT = iphoneos;
				VALIDATE_PRODUCT = YES;
			};
			name = Release;
		};
		5BEB02F81A1C3C89007E195A /* Debug */ = {
			isa = XCBuildConfiguration;
			buildSettings = {
				ASSETCATALOG_COMPILER_APPICON_NAME = AppIcon;
				EMBEDDED_CONTENT_CONTAINS_SWIFT = YES;
				INFOPLIST_FILE = "Tutorial-HolaProgramadores-WatchKit/Info.plist";
				LD_RUNPATH_SEARCH_PATHS = "$(inherited) @executable_path/Frameworks";
				PRODUCT_NAME = "$(TARGET_NAME)";
			};
			name = Debug;
		};
		5BEB02F91A1C3C89007E195A /* Release */ = {
			isa = XCBuildConfiguration;
			buildSettings = {
				ASSETCATALOG_COMPILER_APPICON_NAME = AppIcon;
				EMBEDDED_CONTENT_CONTAINS_SWIFT = YES;
				INFOPLIST_FILE = "Tutorial-HolaProgramadores-WatchKit/Info.plist";
				LD_RUNPATH_SEARCH_PATHS = "$(inherited) @executable_path/Frameworks";
				PRODUCT_NAME = "$(TARGET_NAME)";
			};
			name = Release;
		};
		5BEB02FB1A1C3C89007E195A /* Debug */ = {
			isa = XCBuildConfiguration;
			buildSettings = {
				BUNDLE_LOADER = "$(TEST_HOST)";
				FRAMEWORK_SEARCH_PATHS = (
					"$(SDKROOT)/Developer/Library/Frameworks",
					"$(inherited)",
				);
				GCC_PREPROCESSOR_DEFINITIONS = (
					"DEBUG=1",
					"$(inherited)",
				);
				INFOPLIST_FILE = "Tutorial-HolaProgramadores-WatchKitTests/Info.plist";
				LD_RUNPATH_SEARCH_PATHS = "$(inherited) @executable_path/Frameworks @loader_path/Frameworks";
				PRODUCT_NAME = "$(TARGET_NAME)";
				TEST_HOST = "$(BUILT_PRODUCTS_DIR)/Tutorial-HolaProgramadores-WatchKit.app/Tutorial-HolaProgramadores-WatchKit";
			};
			name = Debug;
		};
		5BEB02FC1A1C3C89007E195A /* Release */ = {
			isa = XCBuildConfiguration;
			buildSettings = {
				BUNDLE_LOADER = "$(TEST_HOST)";
				FRAMEWORK_SEARCH_PATHS = (
					"$(SDKROOT)/Developer/Library/Frameworks",
					"$(inherited)",
				);
				INFOPLIST_FILE = "Tutorial-HolaProgramadores-WatchKitTests/Info.plist";
				LD_RUNPATH_SEARCH_PATHS = "$(inherited) @executable_path/Frameworks @loader_path/Frameworks";
				PRODUCT_NAME = "$(TARGET_NAME)";
				TEST_HOST = "$(BUILT_PRODUCTS_DIR)/Tutorial-HolaProgramadores-WatchKit.app/Tutorial-HolaProgramadores-WatchKit";
			};
			name = Release;
		};
		5BEB031D1A1C3D27007E195A /* Debug */ = {
			isa = XCBuildConfiguration;
			buildSettings = {
				ASSETCATALOG_COMPILER_APPICON_NAME = AppIcon;
				ASSETCATALOG_COMPILER_LAUNCHIMAGE_NAME = LaunchImage;
				GCC_PREPROCESSOR_DEFINITIONS = (
					"DEBUG=1",
					"$(inherited)",
				);
				IBSC_MODULE = Tutorial_HolaProgramadores_WatchKit_WatchKit_Extension;
				INFOPLIST_FILE = "Tutorial-HolaProgramadores-WatchKit Watch App/Info.plist";
				PRODUCT_NAME = "$(TARGET_NAME)";
				SKIP_INSTALL = YES;
				TARGETED_DEVICE_FAMILY = 4;
				"TARGETED_DEVICE_FAMILY[sdk=iphonesimulator*]" = "1,4";
			};
			name = Debug;
		};
		5BEB031E1A1C3D27007E195A /* Release */ = {
			isa = XCBuildConfiguration;
			buildSettings = {
				ASSETCATALOG_COMPILER_APPICON_NAME = AppIcon;
				ASSETCATALOG_COMPILER_LAUNCHIMAGE_NAME = LaunchImage;
				IBSC_MODULE = Tutorial_HolaProgramadores_WatchKit_WatchKit_Extension;
				INFOPLIST_FILE = "Tutorial-HolaProgramadores-WatchKit Watch App/Info.plist";
				PRODUCT_NAME = "$(TARGET_NAME)";
				SKIP_INSTALL = YES;
				TARGETED_DEVICE_FAMILY = 4;
				"TARGETED_DEVICE_FAMILY[sdk=iphonesimulator*]" = "1,4";
			};
			name = Release;
		};
		5BEB03201A1C3D27007E195A /* Debug */ = {
			isa = XCBuildConfiguration;
			buildSettings = {
				GCC_PREPROCESSOR_DEFINITIONS = (
					"DEBUG=1",
					"$(inherited)",
				);
				INFOPLIST_FILE = "Tutorial-HolaProgramadores-WatchKit WatchKit Extension/Info.plist";
				LD_RUNPATH_SEARCH_PATHS = "$(inherited) @executable_path/Frameworks @executable_path/../../Frameworks";
				PRODUCT_NAME = "${TARGET_NAME}";
				SKIP_INSTALL = YES;
			};
			name = Debug;
		};
		5BEB03211A1C3D27007E195A /* Release */ = {
			isa = XCBuildConfiguration;
			buildSettings = {
				INFOPLIST_FILE = "Tutorial-HolaProgramadores-WatchKit WatchKit Extension/Info.plist";
				LD_RUNPATH_SEARCH_PATHS = "$(inherited) @executable_path/Frameworks @executable_path/../../Frameworks";
				PRODUCT_NAME = "${TARGET_NAME}";
				SKIP_INSTALL = YES;
			};
			name = Release;
		};
/* End XCBuildConfiguration section */

/* Begin XCConfigurationList section */
		5BEB02D31A1C3C88007E195A /* Build configuration list for PBXProject "Tutorial-HolaProgramadores-WatchKit" */ = {
			isa = XCConfigurationList;
			buildConfigurations = (
				5BEB02F51A1C3C89007E195A /* Debug */,
				5BEB02F61A1C3C89007E195A /* Release */,
			);
			defaultConfigurationIsVisible = 0;
			defaultConfigurationName = Release;
		};
		5BEB02F71A1C3C89007E195A /* Build configuration list for PBXNativeTarget "Tutorial-HolaProgramadores-WatchKit" */ = {
			isa = XCConfigurationList;
			buildConfigurations = (
				5BEB02F81A1C3C89007E195A /* Debug */,
				5BEB02F91A1C3C89007E195A /* Release */,
			);
			defaultConfigurationIsVisible = 0;
		};
		5BEB02FA1A1C3C89007E195A /* Build configuration list for PBXNativeTarget "Tutorial-HolaProgramadores-WatchKitTests" */ = {
			isa = XCConfigurationList;
			buildConfigurations = (
				5BEB02FB1A1C3C89007E195A /* Debug */,
				5BEB02FC1A1C3C89007E195A /* Release */,
			);
			defaultConfigurationIsVisible = 0;
		};
		5BEB031C1A1C3D27007E195A /* Build configuration list for PBXNativeTarget "Tutorial-HolaProgramadores-WatchKit Watch App" */ = {
			isa = XCConfigurationList;
			buildConfigurations = (
				5BEB031D1A1C3D27007E195A /* Debug */,
				5BEB031E1A1C3D27007E195A /* Release */,
			);
			defaultConfigurationIsVisible = 0;
		};
		5BEB031F1A1C3D27007E195A /* Build configuration list for PBXNativeTarget "Tutorial-HolaProgramadores-WatchKit WatchKit Extension" */ = {
			isa = XCConfigurationList;
			buildConfigurations = (
				5BEB03201A1C3D27007E195A /* Debug */,
				5BEB03211A1C3D27007E195A /* Release */,
			);
			defaultConfigurationIsVisible = 0;
		};
/* End XCConfigurationList section */
	};
	rootObject = 5BEB02D01A1C3C88007E195A /* Project object */;
}
